{
  "name": "jsaqa_3_2",
  "version": "1.0.0",
  "lockfileVersion": 2,
  "requires": true,
  "packages": {
    "": {
      "name": "jsaqa_3_2",
      "version": "1.0.0",
      "license": "ISC",
      "dependencies": {
        "faker": "^5.5.3"
      },
      "devDependencies": {
        "@faker-js/faker": "^7.6.0",
        "@playwright/test": "^1.29.0",
        "playwright": "^1.28.1"
      }
    },
    "node_modules/@faker-js/faker": {
      "version": "7.6.0",
      "resolved": "https://registry.npmjs.org/@faker-js/faker/-/faker-7.6.0.tgz",
      "integrity": "sha512-XK6BTq1NDMo9Xqw/YkYyGjSsg44fbNwYRx7QK2CuoQgyy+f1rrTDHoExVM5PsyXCtfl2vs2vVJ0MN0yN6LppRw==",
      "dev": true,
      "engines": {
        "node": ">=14.0.0",
        "npm": ">=6.0.0"
      }
    },
    "node_modules/@playwright/test": {
      "version": "1.29.0",
      "resolved": "https://registry.npmjs.org/@playwright/test/-/test-1.29.0.tgz",
      "integrity": "sha512-gp5PVBenxTJsm2bATWDNc2CCnrL5OaA/MXQdJwwkGQtqTjmY+ZOqAdLqo49O9MLTDh2vYh+tHWDnmFsILnWaeA==",
      "dev": true,
      "dependencies": {
        "@types/node": "*",
        "playwright-core": "1.29.0"
      },
      "bin": {
        "playwright": "cli.js"
      },
      "engines": {
        "node": ">=14"
      }
    },
    "node_modules/@types/node": {
      "version": "16.11.6",
      "resolved": "https://registry.npmjs.org/@types/node/-/node-16.11.6.tgz",
      "integrity": "sha512-ua7PgUoeQFjmWPcoo9khiPum3Pd60k4/2ZGXt18sm2Slk0W0xZTqt5Y0Ny1NyBiN1EVQ/+FaF9NcY4Qe6rwk5w==",
      "dev": true
    },
    "node_modules/faker": {
      "version": "5.5.3",
      "resolved": "https://registry.npmjs.org/faker/-/faker-5.5.3.tgz",
      "integrity": "sha512-wLTv2a28wjUyWkbnX7u/ABZBkUkIF2fCd73V6P2oFqEGEktDfzWx4UxrSqtPRw0xPRAcjeAOIiJWqZm3pP4u3g=="
    },
    "node_modules/playwright": {
      "version": "1.29.0",
      "resolved": "https://registry.npmjs.org/playwright/-/playwright-1.29.0.tgz",
      "integrity": "sha512-vtXgX3FPNcAJq1QoIVCvmiHHKOLVTZkSYEo60n+EnX5MrNznAJzGquxT8c2sv+BG3CDyLeKm351e491HnF7yjw==",
      "dev": true,
      "hasInstallScript": true,
      "dependencies": {
        "playwright-core": "1.29.0"
      },
      "bin": {
        "playwright": "cli.js"
      },
      "engines": {
        "node": ">=14"
      }
    },
    "node_modules/playwright-core": {
      "version": "1.29.0",
      "resolved": "https://registry.npmjs.org/playwright-core/-/playwright-core-1.29.0.tgz",
      "integrity": "sha512-pboOm1m0RD6z1GtwAbEH60PYRfF87vKdzOSRw2RyO0Y0a7utrMyWN2Au1ojGvQr4umuBMODkKTv607YIRypDSQ==",
      "dev": true,
      "bin": {
        "playwright": "cli.js"
      },
      "engines": {
        "node": ">=14"
      }
    }
  },
  "dependencies": {
    "@faker-js/faker": {
      "version": "7.6.0",
      "resolved": "https://registry.npmjs.org/@faker-js/faker/-/faker-7.6.0.tgz",
      "integrity": "sha512-XK6BTq1NDMo9Xqw/YkYyGjSsg44fbNwYRx7QK2CuoQgyy+f1rrTDHoExVM5PsyXCtfl2vs2vVJ0MN0yN6LppRw==",
      "dev": true
    },
    "@playwright/test": {
      "version": "1.29.0",
      "resolved": "https://registry.npmjs.org/@playwright/test/-/test-1.29.0.tgz",
      "integrity": "sha512-gp5PVBenxTJsm2bATWDNc2CCnrL5OaA/MXQdJwwkGQtqTjmY+ZOqAdLqo49O9MLTDh2vYh+tHWDnmFsILnWaeA==",
      "dev": true,
      "requires": {
        "@types/node": "*",
        "playwright-core": "1.29.0"
      }
    },
    "@types/node": {
      "version": "16.11.6",
      "resolved": "https://registry.npmjs.org/@types/node/-/node-16.11.6.tgz",
      "integrity": "sha512-ua7PgUoeQFjmWPcoo9khiPum3Pd60k4/2ZGXt18sm2Slk0W0xZTqt5Y0Ny1NyBiN1EVQ/+FaF9NcY4Qe6rwk5w==",
      "dev": true
    },
    "faker": {
      "version": "5.5.3",
      "resolved": "https://registry.npmjs.org/faker/-/faker-5.5.3.tgz",
      "integrity": "sha512-wLTv2a28wjUyWkbnX7u/ABZBkUkIF2fCd73V6P2oFqEGEktDfzWx4UxrSqtPRw0xPRAcjeAOIiJWqZm3pP4u3g=="
    },
    "playwright": {
      "version": "1.29.0",
      "resolved": "https://registry.npmjs.org/playwright/-/playwright-1.29.0.tgz",
      "integrity": "sha512-vtXgX3FPNcAJq1QoIVCvmiHHKOLVTZkSYEo60n+EnX5MrNznAJzGquxT8c2sv+BG3CDyLeKm351e491HnF7yjw==",
      "dev": true,
      "requires": {
        "playwright-core": "1.29.0"
      }
    },
    "playwright-core": {
      "version": "1.29.0",
      "resolved": "https://registry.npmjs.org/playwright-core/-/playwright-core-1.29.0.tgz",
      "integrity": "sha512-pboOm1m0RD6z1GtwAbEH60PYRfF87vKdzOSRw2RyO0Y0a7utrMyWN2Au1ojGvQr4umuBMODkKTv607YIRypDSQ==",
      "dev": true
    }
  }
}
